lockfileVersion: 5.4

specifiers:
  tsc-files: ^1.1.3
  typescript: ^4.8.4

dependencies:
  typescript: 4.8.4

devDependencies:
  tsc-files: 1.1.3_typescript@4.8.4

packages:

  /tsc-files/1.1.3_typescript@4.8.4:
    resolution: {integrity: sha512-G6uXkTNofGU9EE1fYBaCpR72x/aqXW4PDAuznWj4JYlDwhcaKnUn4CiCHBMc89lDxLmikK+hhaEWLoTPEKKvXg==}
    hasBin: true
    peerDependencies:
      typescript: '>=3'
    dependencies:
      typescript: 4.8.4
    dev: true

  /typescript/4.8.4:
    resolution: {integrity: sha512-QCh+85mCy+h0IGff8r5XWzOVSbBO+KfeYrMQh7NJ58QujwcE22u+NUSmUxqF+un70P9GXKxa2HCNiTTMJknyjQ==}
    engines: {node: '>=4.2.0'}
    hasBin: true
